
Microsoft Visual Studio Solution File, Format Version 12.00
# Visual Studio Version 17
VisualStudioVersion = 17.3.32825.248
MinimumVisualStudioVersion = 10.0.40219.1
Project("{FAE04EC0-301F-11D3-BF4B-00C04F79EFBC}") = "TicTacToe", "TicTacToe\TicTacToe.csproj", "{48B3E673-978B-4102-9075-51DBB7823154}"
EndProject
Global
	GlobalSection(SolutionConfigurationPlatforms) = preSolution
		Debug|Any CPU = Debug|Any CPU
		Release|Any CPU = Release|Any CPU
	EndGlobalSection
	GlobalSection(ProjectConfigurationPlatforms) = postSolution
		{48B3E673-978B-4102-9075-51DBB7823154}.Debug|Any CPU.ActiveCfg = Debug|Any CPU
		{48B3E673-978B-4102-9075-51DBB7823154}.Debug|Any CPU.Build.0 = Debug|Any CPU
		{48B3E673-978B-4102-9075-51DBB7823154}.Release|Any CPU.ActiveCfg = Release|Any CPU
		{48B3E673-978B-4102-9075-51DBB7823154}.Release|Any CPU.Build.0 = Release|Any CPU
	EndGlobalSection
	GlobalSection(SolutionProperties) = preSolution
		HideSolutionNode = FALSE
	EndGlobalSection
	GlobalSection(ExtensibilityGlobals) = postSolution
		SolutionGuid = {76EF09F8-10D0-434D-9FC3-8550C797EF1A}
	EndGlobalSection
EndGlobal
